
Microsoft Visual Studio Solution File, Format Version 11.00
# Visual Studio 2010
Project("{FAE04EC0-301F-11D3-BF4B-00C04F79EFBC}") = "Shinken_Services", "Shinken_Services\Shinken_Services.csproj", "{9EB3A02C-C2D0-4B4F-B55F-525AEEEB25EC}"
EndProject
Project("{FAE04EC0-301F-11D3-BF4B-00C04F79EFBC}") = "VeoSoft_LogSystem", "..\..\Veosoft_LogSystem\Veo_LogSystem\VeoSoft_LogSystem.csproj", "{10698456-B008-4293-8A9F-F66BEEFE11E7}"
EndProject
Project("{FAE04EC0-301F-11D3-BF4B-00C04F79EFBC}") = "Shinken_Arbiter", "Shinken_Arbiter\Shinken_Arbiter.csproj", "{355B5FC9-F13B-4C5D-AD18-AFBCBBCB0605}"
	ProjectSection(ProjectDependencies) = postProject
		{10698456-B008-4293-8A9F-F66BEEFE11E7} = {10698456-B008-4293-8A9F-F66BEEFE11E7}
	EndProjectSection
EndProject
Project("{FAE04EC0-301F-11D3-BF4B-00C04F79EFBC}") = "Shinken_Broker", "Shinken_Broker\Shinken_Broker.csproj", "{1C7CA1D1-69C6-4BE8-826C-6CDD468CE728}"
EndProject
Project("{FAE04EC0-301F-11D3-BF4B-00C04F79EFBC}") = "Shinken_Poller", "Shinken_Poller\Shinken_Poller.csproj", "{0E753E79-E084-47B5-89EE-A147C1320647}"
EndProject
Project("{FAE04EC0-301F-11D3-BF4B-00C04F79EFBC}") = "Shinken_Reactionner", "Shinken_Reactionner\Shinken_Reactionner.csproj", "{F98C0A1D-1015-40FA-A65A-80E407988057}"
EndProject
Project("{FAE04EC0-301F-11D3-BF4B-00C04F79EFBC}") = "Shinken_Receiver", "Shinken_Receiver\Shinken_Receiver.csproj", "{AAF5E63A-7921-4856-A97D-BCB622BEF604}"
EndProject
Project("{FAE04EC0-301F-11D3-BF4B-00C04F79EFBC}") = "Shinken_Scheduler", "Shinken_Scheduler\Shinken_Scheduler.csproj", "{FEBB7FA4-C7A0-41B0-BE9F-D7C9670D29DA}"
EndProject
Project("{E729F059-12D4-455F-A2A4-FDA8DD25E08A}") = "Shinken_Setup", "..\Shinken_Setup\Shinken_Setup.isproj", "{0933DE87-46F5-411B-AD50-4754E9908072}"
	ProjectSection(ProjectDependencies) = postProject
		{F98C0A1D-1015-40FA-A65A-80E407988057} = {F98C0A1D-1015-40FA-A65A-80E407988057}
		{F98C0A1D-1015-40FA-A65A-80E407988057} = {F98C0A1D-1015-40FA-A65A-80E407988057}
		{9EB3A02C-C2D0-4B4F-B55F-525AEEEB25EC} = {9EB3A02C-C2D0-4B4F-B55F-525AEEEB25EC}
		{AAF5E63A-7921-4856-A97D-BCB622BEF604} = {AAF5E63A-7921-4856-A97D-BCB622BEF604}
		{10698456-B008-4293-8A9F-F66BEEFE11E7} = {10698456-B008-4293-8A9F-F66BEEFE11E7}
		{16E8E074-8BB7-4C6C-A0A9-F57A951AAF0C} = {16E8E074-8BB7-4C6C-A0A9-F57A951AAF0C}
		{0E753E79-E084-47B5-89EE-A147C1320647} = {0E753E79-E084-47B5-89EE-A147C1320647}
		{FEBB7FA4-C7A0-41B0-BE9F-D7C9670D29DA} = {FEBB7FA4-C7A0-41B0-BE9F-D7C9670D29DA}
		{355B5FC9-F13B-4C5D-AD18-AFBCBBCB0605} = {355B5FC9-F13B-4C5D-AD18-AFBCBBCB0605}
		{1C7CA1D1-69C6-4BE8-826C-6CDD468CE728} = {1C7CA1D1-69C6-4BE8-826C-6CDD468CE728}
		{75EB7EF1-C74D-4C4B-B34F-B998B0F2E04B} = {75EB7EF1-C74D-4C4B-B34F-B998B0F2E04B}
		{75EB7EF1-C74D-4C4B-B34F-B998B0F2E04B} = {75EB7EF1-C74D-4C4B-B34F-B998B0F2E04B}
	EndProjectSection
EndProject
Project("{FAE04EC0-301F-11D3-BF4B-00C04F79EFBC}") = "CreateEventSource", "CreateEventSource\CreateEventSource.csproj", "{16E8E074-8BB7-4C6C-A0A9-F57A951AAF0C}"
EndProject
Project("{FAE04EC0-301F-11D3-BF4B-00C04F79EFBC}") = "ServicePassword", "..\ServicePassword\ServicePassword.csproj", "{75EB7EF1-C74D-4C4B-B34F-B998B0F2E04B}"
EndProject
Global
	GlobalSection(SolutionConfigurationPlatforms) = preSolution
		CD_ROM|Any CPU = CD_ROM|Any CPU
		CD_ROM|Mixed Platforms = CD_ROM|Mixed Platforms
		CD_ROM|x86 = CD_ROM|x86
		Debug|Any CPU = Debug|Any CPU
		Debug|Mixed Platforms = Debug|Mixed Platforms
		Debug|x86 = Debug|x86
		DVD-5|Any CPU = DVD-5|Any CPU
		DVD-5|Mixed Platforms = DVD-5|Mixed Platforms
		DVD-5|x86 = DVD-5|x86
		Release|Any CPU = Release|Any CPU
		Release|Mixed Platforms = Release|Mixed Platforms
		Release|x86 = Release|x86
		SingleImage|Any CPU = SingleImage|Any CPU
		SingleImage|Mixed Platforms = SingleImage|Mixed Platforms
		SingleImage|x86 = SingleImage|x86
	EndGlobalSection
	GlobalSection(ProjectConfigurationPlatforms) = postSolution
		{9EB3A02C-C2D0-4B4F-B55F-525AEEEB25EC}.CD_ROM|Any CPU.ActiveCfg = Release|x86
		{9EB3A02C-C2D0-4B4F-B55F-525AEEEB25EC}.CD_ROM|Mixed Platforms.ActiveCfg = Release|x86
		{9EB3A02C-C2D0-4B4F-B55F-525AEEEB25EC}.CD_ROM|Mixed Platforms.Build.0 = Release|x86
		{9EB3A02C-C2D0-4B4F-B55F-525AEEEB25EC}.CD_ROM|x86.ActiveCfg = Release|x86
		{9EB3A02C-C2D0-4B4F-B55F-525AEEEB25EC}.CD_ROM|x86.Build.0 = Release|x86
		{9EB3A02C-C2D0-4B4F-B55F-525AEEEB25EC}.Debug|Any CPU.ActiveCfg = Debug|x86
		{9EB3A02C-C2D0-4B4F-B55F-525AEEEB25EC}.Debug|Mixed Platforms.ActiveCfg = Debug|x86
		{9EB3A02C-C2D0-4B4F-B55F-525AEEEB25EC}.Debug|Mixed Platforms.Build.0 = Debug|x86
		{9EB3A02C-C2D0-4B4F-B55F-525AEEEB25EC}.Debug|x86.ActiveCfg = Debug|x86
		{9EB3A02C-C2D0-4B4F-B55F-525AEEEB25EC}.Debug|x86.Build.0 = Debug|x86
		{9EB3A02C-C2D0-4B4F-B55F-525AEEEB25EC}.DVD-5|Any CPU.ActiveCfg = Debug|x86
		{9EB3A02C-C2D0-4B4F-B55F-525AEEEB25EC}.DVD-5|Mixed Platforms.ActiveCfg = Debug|x86
		{9EB3A02C-C2D0-4B4F-B55F-525AEEEB25EC}.DVD-5|Mixed Platforms.Build.0 = Debug|x86
		{9EB3A02C-C2D0-4B4F-B55F-525AEEEB25EC}.DVD-5|x86.ActiveCfg = Debug|x86
		{9EB3A02C-C2D0-4B4F-B55F-525AEEEB25EC}.DVD-5|x86.Build.0 = Debug|x86
		{9EB3A02C-C2D0-4B4F-B55F-525AEEEB25EC}.Release|Any CPU.ActiveCfg = Release|x86
		{9EB3A02C-C2D0-4B4F-B55F-525AEEEB25EC}.Release|Mixed Platforms.ActiveCfg = Release|x86
		{9EB3A02C-C2D0-4B4F-B55F-525AEEEB25EC}.Release|Mixed Platforms.Build.0 = Release|x86
		{9EB3A02C-C2D0-4B4F-B55F-525AEEEB25EC}.Release|x86.ActiveCfg = Release|x86
		{9EB3A02C-C2D0-4B4F-B55F-525AEEEB25EC}.Release|x86.Build.0 = Release|x86
		{9EB3A02C-C2D0-4B4F-B55F-525AEEEB25EC}.SingleImage|Any CPU.ActiveCfg = Release|x86
		{9EB3A02C-C2D0-4B4F-B55F-525AEEEB25EC}.SingleImage|Mixed Platforms.ActiveCfg = Release|x86
		{9EB3A02C-C2D0-4B4F-B55F-525AEEEB25EC}.SingleImage|Mixed Platforms.Build.0 = Release|x86
		{9EB3A02C-C2D0-4B4F-B55F-525AEEEB25EC}.SingleImage|x86.ActiveCfg = Release|x86
		{9EB3A02C-C2D0-4B4F-B55F-525AEEEB25EC}.SingleImage|x86.Build.0 = Release|x86
		{10698456-B008-4293-8A9F-F66BEEFE11E7}.CD_ROM|Any CPU.ActiveCfg = Release|Any CPU
		{10698456-B008-4293-8A9F-F66BEEFE11E7}.CD_ROM|Any CPU.Build.0 = Release|Any CPU
		{10698456-B008-4293-8A9F-F66BEEFE11E7}.CD_ROM|Mixed Platforms.ActiveCfg = Release|Any CPU
		{10698456-B008-4293-8A9F-F66BEEFE11E7}.CD_ROM|Mixed Platforms.Build.0 = Release|Any CPU
		{10698456-B008-4293-8A9F-F66BEEFE11E7}.CD_ROM|x86.ActiveCfg = Release|Any CPU
		{10698456-B008-4293-8A9F-F66BEEFE11E7}.Debug|Any CPU.ActiveCfg = Debug|Any CPU
		{10698456-B008-4293-8A9F-F66BEEFE11E7}.Debug|Any CPU.Build.0 = Debug|Any CPU
		{10698456-B008-4293-8A9F-F66BEEFE11E7}.Debug|Mixed Platforms.ActiveCfg = Debug|Any CPU
		{10698456-B008-4293-8A9F-F66BEEFE11E7}.Debug|Mixed Platforms.Build.0 = Debug|Any CPU
		{10698456-B008-4293-8A9F-F66BEEFE11E7}.Debug|x86.ActiveCfg = Debug|Any CPU
		{10698456-B008-4293-8A9F-F66BEEFE11E7}.DVD-5|Any CPU.ActiveCfg = Debug|Any CPU
		{10698456-B008-4293-8A9F-F66BEEFE11E7}.DVD-5|Any CPU.Build.0 = Debug|Any CPU
		{10698456-B008-4293-8A9F-F66BEEFE11E7}.DVD-5|Mixed Platforms.ActiveCfg = Debug|Any CPU
		{10698456-B008-4293-8A9F-F66BEEFE11E7}.DVD-5|Mixed Platforms.Build.0 = Debug|Any CPU
		{10698456-B008-4293-8A9F-F66BEEFE11E7}.DVD-5|x86.ActiveCfg = Debug|Any CPU
		{10698456-B008-4293-8A9F-F66BEEFE11E7}.Release|Any CPU.ActiveCfg = Release|Any CPU
		{10698456-B008-4293-8A9F-F66BEEFE11E7}.Release|Any CPU.Build.0 = Release|Any CPU
		{10698456-B008-4293-8A9F-F66BEEFE11E7}.Release|Mixed Platforms.ActiveCfg = Release|Any CPU
		{10698456-B008-4293-8A9F-F66BEEFE11E7}.Release|Mixed Platforms.Build.0 = Release|Any CPU
		{10698456-B008-4293-8A9F-F66BEEFE11E7}.Release|x86.ActiveCfg = Release|Any CPU
		{10698456-B008-4293-8A9F-F66BEEFE11E7}.SingleImage|Any CPU.ActiveCfg = Release|Any CPU
		{10698456-B008-4293-8A9F-F66BEEFE11E7}.SingleImage|Any CPU.Build.0 = Release|Any CPU
		{10698456-B008-4293-8A9F-F66BEEFE11E7}.SingleImage|Mixed Platforms.ActiveCfg = Release|Any CPU
		{10698456-B008-4293-8A9F-F66BEEFE11E7}.SingleImage|Mixed Platforms.Build.0 = Release|Any CPU
		{10698456-B008-4293-8A9F-F66BEEFE11E7}.SingleImage|x86.ActiveCfg = Release|Any CPU
		{355B5FC9-F13B-4C5D-AD18-AFBCBBCB0605}.CD_ROM|Any CPU.ActiveCfg = Release|x86
		{355B5FC9-F13B-4C5D-AD18-AFBCBBCB0605}.CD_ROM|Mixed Platforms.ActiveCfg = Release|x86
		{355B5FC9-F13B-4C5D-AD18-AFBCBBCB0605}.CD_ROM|Mixed Platforms.Build.0 = Release|x86
		{355B5FC9-F13B-4C5D-AD18-AFBCBBCB0605}.CD_ROM|x86.ActiveCfg = Release|x86
		{355B5FC9-F13B-4C5D-AD18-AFBCBBCB0605}.CD_ROM|x86.Build.0 = Release|x86
		{355B5FC9-F13B-4C5D-AD18-AFBCBBCB0605}.Debug|Any CPU.ActiveCfg = Debug|x86
		{355B5FC9-F13B-4C5D-AD18-AFBCBBCB0605}.Debug|Mixed Platforms.ActiveCfg = Debug|x86
		{355B5FC9-F13B-4C5D-AD18-AFBCBBCB0605}.Debug|Mixed Platforms.Build.0 = Debug|x86
		{355B5FC9-F13B-4C5D-AD18-AFBCBBCB0605}.Debug|x86.ActiveCfg = Debug|x86
		{355B5FC9-F13B-4C5D-AD18-AFBCBBCB0605}.Debug|x86.Build.0 = Debug|x86
		{355B5FC9-F13B-4C5D-AD18-AFBCBBCB0605}.DVD-5|Any CPU.ActiveCfg = Debug|x86
		{355B5FC9-F13B-4C5D-AD18-AFBCBBCB0605}.DVD-5|Mixed Platforms.ActiveCfg = Debug|x86
		{355B5FC9-F13B-4C5D-AD18-AFBCBBCB0605}.DVD-5|Mixed Platforms.Build.0 = Debug|x86
		{355B5FC9-F13B-4C5D-AD18-AFBCBBCB0605}.DVD-5|x86.ActiveCfg = Debug|x86
		{355B5FC9-F13B-4C5D-AD18-AFBCBBCB0605}.DVD-5|x86.Build.0 = Debug|x86
		{355B5FC9-F13B-4C5D-AD18-AFBCBBCB0605}.Release|Any CPU.ActiveCfg = Release|x86
		{355B5FC9-F13B-4C5D-AD18-AFBCBBCB0605}.Release|Mixed Platforms.ActiveCfg = Release|x86
		{355B5FC9-F13B-4C5D-AD18-AFBCBBCB0605}.Release|Mixed Platforms.Build.0 = Release|x86
		{355B5FC9-F13B-4C5D-AD18-AFBCBBCB0605}.Release|x86.ActiveCfg = Release|x86
		{355B5FC9-F13B-4C5D-AD18-AFBCBBCB0605}.Release|x86.Build.0 = Release|x86
		{355B5FC9-F13B-4C5D-AD18-AFBCBBCB0605}.SingleImage|Any CPU.ActiveCfg = Release|x86
		{355B5FC9-F13B-4C5D-AD18-AFBCBBCB0605}.SingleImage|Mixed Platforms.ActiveCfg = Release|x86
		{355B5FC9-F13B-4C5D-AD18-AFBCBBCB0605}.SingleImage|Mixed Platforms.Build.0 = Release|x86
		{355B5FC9-F13B-4C5D-AD18-AFBCBBCB0605}.SingleImage|x86.ActiveCfg = Release|x86
		{355B5FC9-F13B-4C5D-AD18-AFBCBBCB0605}.SingleImage|x86.Build.0 = Release|x86
		{1C7CA1D1-69C6-4BE8-826C-6CDD468CE728}.CD_ROM|Any CPU.ActiveCfg = Release|x86
		{1C7CA1D1-69C6-4BE8-826C-6CDD468CE728}.CD_ROM|Mixed Platforms.ActiveCfg = Release|x86
		{1C7CA1D1-69C6-4BE8-826C-6CDD468CE728}.CD_ROM|Mixed Platforms.Build.0 = Release|x86
		{1C7CA1D1-69C6-4BE8-826C-6CDD468CE728}.CD_ROM|x86.ActiveCfg = Release|x86
		{1C7CA1D1-69C6-4BE8-826C-6CDD468CE728}.CD_ROM|x86.Build.0 = Release|x86
		{1C7CA1D1-69C6-4BE8-826C-6CDD468CE728}.Debug|Any CPU.ActiveCfg = Debug|x86
		{1C7CA1D1-69C6-4BE8-826C-6CDD468CE728}.Debug|Mixed Platforms.ActiveCfg = Debug|x86
		{1C7CA1D1-69C6-4BE8-826C-6CDD468CE728}.Debug|Mixed Platforms.Build.0 = Debug|x86
		{1C7CA1D1-69C6-4BE8-826C-6CDD468CE728}.Debug|x86.ActiveCfg = Debug|x86
		{1C7CA1D1-69C6-4BE8-826C-6CDD468CE728}.Debug|x86.Build.0 = Debug|x86
		{1C7CA1D1-69C6-4BE8-826C-6CDD468CE728}.DVD-5|Any CPU.ActiveCfg = Debug|x86
		{1C7CA1D1-69C6-4BE8-826C-6CDD468CE728}.DVD-5|Mixed Platforms.ActiveCfg = Debug|x86
		{1C7CA1D1-69C6-4BE8-826C-6CDD468CE728}.DVD-5|Mixed Platforms.Build.0 = Debug|x86
		{1C7CA1D1-69C6-4BE8-826C-6CDD468CE728}.DVD-5|x86.ActiveCfg = Debug|x86
		{1C7CA1D1-69C6-4BE8-826C-6CDD468CE728}.DVD-5|x86.Build.0 = Debug|x86
		{1C7CA1D1-69C6-4BE8-826C-6CDD468CE728}.Release|Any CPU.ActiveCfg = Release|x86
		{1C7CA1D1-69C6-4BE8-826C-6CDD468CE728}.Release|Mixed Platforms.ActiveCfg = Release|x86
		{1C7CA1D1-69C6-4BE8-826C-6CDD468CE728}.Release|Mixed Platforms.Build.0 = Release|x86
		{1C7CA1D1-69C6-4BE8-826C-6CDD468CE728}.Release|x86.ActiveCfg = Release|x86
		{1C7CA1D1-69C6-4BE8-826C-6CDD468CE728}.Release|x86.Build.0 = Release|x86
		{1C7CA1D1-69C6-4BE8-826C-6CDD468CE728}.SingleImage|Any CPU.ActiveCfg = Release|x86
		{1C7CA1D1-69C6-4BE8-826C-6CDD468CE728}.SingleImage|Mixed Platforms.ActiveCfg = Release|x86
		{1C7CA1D1-69C6-4BE8-826C-6CDD468CE728}.SingleImage|Mixed Platforms.Build.0 = Release|x86
		{1C7CA1D1-69C6-4BE8-826C-6CDD468CE728}.SingleImage|x86.ActiveCfg = Release|x86
		{1C7CA1D1-69C6-4BE8-826C-6CDD468CE728}.SingleImage|x86.Build.0 = Release|x86
		{0E753E79-E084-47B5-89EE-A147C1320647}.CD_ROM|Any CPU.ActiveCfg = Release|x86
		{0E753E79-E084-47B5-89EE-A147C1320647}.CD_ROM|Mixed Platforms.ActiveCfg = Release|x86
		{0E753E79-E084-47B5-89EE-A147C1320647}.CD_ROM|Mixed Platforms.Build.0 = Release|x86
		{0E753E79-E084-47B5-89EE-A147C1320647}.CD_ROM|x86.ActiveCfg = Release|x86
		{0E753E79-E084-47B5-89EE-A147C1320647}.CD_ROM|x86.Build.0 = Release|x86
		{0E753E79-E084-47B5-89EE-A147C1320647}.Debug|Any CPU.ActiveCfg = Debug|x86
		{0E753E79-E084-47B5-89EE-A147C1320647}.Debug|Mixed Platforms.ActiveCfg = Debug|x86
		{0E753E79-E084-47B5-89EE-A147C1320647}.Debug|Mixed Platforms.Build.0 = Debug|x86
		{0E753E79-E084-47B5-89EE-A147C1320647}.Debug|x86.ActiveCfg = Debug|x86
		{0E753E79-E084-47B5-89EE-A147C1320647}.Debug|x86.Build.0 = Debug|x86
		{0E753E79-E084-47B5-89EE-A147C1320647}.DVD-5|Any CPU.ActiveCfg = Debug|x86
		{0E753E79-E084-47B5-89EE-A147C1320647}.DVD-5|Mixed Platforms.ActiveCfg = Debug|x86
		{0E753E79-E084-47B5-89EE-A147C1320647}.DVD-5|Mixed Platforms.Build.0 = Debug|x86
		{0E753E79-E084-47B5-89EE-A147C1320647}.DVD-5|x86.ActiveCfg = Debug|x86
		{0E753E79-E084-47B5-89EE-A147C1320647}.DVD-5|x86.Build.0 = Debug|x86
		{0E753E79-E084-47B5-89EE-A147C1320647}.Release|Any CPU.ActiveCfg = Release|x86
		{0E753E79-E084-47B5-89EE-A147C1320647}.Release|Mixed Platforms.ActiveCfg = Release|x86
		{0E753E79-E084-47B5-89EE-A147C1320647}.Release|Mixed Platforms.Build.0 = Release|x86
		{0E753E79-E084-47B5-89EE-A147C1320647}.Release|x86.ActiveCfg = Release|x86
		{0E753E79-E084-47B5-89EE-A147C1320647}.Release|x86.Build.0 = Release|x86
		{0E753E79-E084-47B5-89EE-A147C1320647}.SingleImage|Any CPU.ActiveCfg = Release|x86
		{0E753E79-E084-47B5-89EE-A147C1320647}.SingleImage|Mixed Platforms.ActiveCfg = Release|x86
		{0E753E79-E084-47B5-89EE-A147C1320647}.SingleImage|Mixed Platforms.Build.0 = Release|x86
		{0E753E79-E084-47B5-89EE-A147C1320647}.SingleImage|x86.ActiveCfg = Release|x86
		{0E753E79-E084-47B5-89EE-A147C1320647}.SingleImage|x86.Build.0 = Release|x86
		{F98C0A1D-1015-40FA-A65A-80E407988057}.CD_ROM|Any CPU.ActiveCfg = Release|x86
		{F98C0A1D-1015-40FA-A65A-80E407988057}.CD_ROM|Mixed Platforms.ActiveCfg = Release|x86
		{F98C0A1D-1015-40FA-A65A-80E407988057}.CD_ROM|Mixed Platforms.Build.0 = Release|x86
		{F98C0A1D-1015-40FA-A65A-80E407988057}.CD_ROM|x86.ActiveCfg = Release|x86
		{F98C0A1D-1015-40FA-A65A-80E407988057}.CD_ROM|x86.Build.0 = Release|x86
		{F98C0A1D-1015-40FA-A65A-80E407988057}.Debug|Any CPU.ActiveCfg = Debug|x86
		{F98C0A1D-1015-40FA-A65A-80E407988057}.Debug|Mixed Platforms.ActiveCfg = Debug|x86
		{F98C0A1D-1015-40FA-A65A-80E407988057}.Debug|Mixed Platforms.Build.0 = Debug|x86
		{F98C0A1D-1015-40FA-A65A-80E407988057}.Debug|x86.ActiveCfg = Debug|x86
		{F98C0A1D-1015-40FA-A65A-80E407988057}.Debug|x86.Build.0 = Debug|x86
		{F98C0A1D-1015-40FA-A65A-80E407988057}.DVD-5|Any CPU.ActiveCfg = Debug|x86
		{F98C0A1D-1015-40FA-A65A-80E407988057}.DVD-5|Mixed Platforms.ActiveCfg = Debug|x86
		{F98C0A1D-1015-40FA-A65A-80E407988057}.DVD-5|Mixed Platforms.Build.0 = Debug|x86
		{F98C0A1D-1015-40FA-A65A-80E407988057}.DVD-5|x86.ActiveCfg = Debug|x86
		{F98C0A1D-1015-40FA-A65A-80E407988057}.DVD-5|x86.Build.0 = Debug|x86
		{F98C0A1D-1015-40FA-A65A-80E407988057}.Release|Any CPU.ActiveCfg = Release|x86
		{F98C0A1D-1015-40FA-A65A-80E407988057}.Release|Mixed Platforms.ActiveCfg = Release|x86
		{F98C0A1D-1015-40FA-A65A-80E407988057}.Release|Mixed Platforms.Build.0 = Release|x86
		{F98C0A1D-1015-40FA-A65A-80E407988057}.Release|x86.ActiveCfg = Release|x86
		{F98C0A1D-1015-40FA-A65A-80E407988057}.Release|x86.Build.0 = Release|x86
		{F98C0A1D-1015-40FA-A65A-80E407988057}.SingleImage|Any CPU.ActiveCfg = Release|x86
		{F98C0A1D-1015-40FA-A65A-80E407988057}.SingleImage|Mixed Platforms.ActiveCfg = Release|x86
		{F98C0A1D-1015-40FA-A65A-80E407988057}.SingleImage|Mixed Platforms.Build.0 = Release|x86
		{F98C0A1D-1015-40FA-A65A-80E407988057}.SingleImage|x86.ActiveCfg = Release|x86
		{F98C0A1D-1015-40FA-A65A-80E407988057}.SingleImage|x86.Build.0 = Release|x86
		{AAF5E63A-7921-4856-A97D-BCB622BEF604}.CD_ROM|Any CPU.ActiveCfg = Release|x86
		{AAF5E63A-7921-4856-A97D-BCB622BEF604}.CD_ROM|Mixed Platforms.ActiveCfg = Release|x86
		{AAF5E63A-7921-4856-A97D-BCB622BEF604}.CD_ROM|Mixed Platforms.Build.0 = Release|x86
		{AAF5E63A-7921-4856-A97D-BCB622BEF604}.CD_ROM|x86.ActiveCfg = Release|x86
		{AAF5E63A-7921-4856-A97D-BCB622BEF604}.CD_ROM|x86.Build.0 = Release|x86
		{AAF5E63A-7921-4856-A97D-BCB622BEF604}.Debug|Any CPU.ActiveCfg = Debug|x86
		{AAF5E63A-7921-4856-A97D-BCB622BEF604}.Debug|Mixed Platforms.ActiveCfg = Debug|x86
		{AAF5E63A-7921-4856-A97D-BCB622BEF604}.Debug|Mixed Platforms.Build.0 = Debug|x86
		{AAF5E63A-7921-4856-A97D-BCB622BEF604}.Debug|x86.ActiveCfg = Debug|x86
		{AAF5E63A-7921-4856-A97D-BCB622BEF604}.Debug|x86.Build.0 = Debug|x86
		{AAF5E63A-7921-4856-A97D-BCB622BEF604}.DVD-5|Any CPU.ActiveCfg = Debug|x86
		{AAF5E63A-7921-4856-A97D-BCB622BEF604}.DVD-5|Mixed Platforms.ActiveCfg = Debug|x86
		{AAF5E63A-7921-4856-A97D-BCB622BEF604}.DVD-5|Mixed Platforms.Build.0 = Debug|x86
		{AAF5E63A-7921-4856-A97D-BCB622BEF604}.DVD-5|x86.ActiveCfg = Debug|x86
		{AAF5E63A-7921-4856-A97D-BCB622BEF604}.DVD-5|x86.Build.0 = Debug|x86
		{AAF5E63A-7921-4856-A97D-BCB622BEF604}.Release|Any CPU.ActiveCfg = Release|x86
		{AAF5E63A-7921-4856-A97D-BCB622BEF604}.Release|Mixed Platforms.ActiveCfg = Release|x86
		{AAF5E63A-7921-4856-A97D-BCB622BEF604}.Release|Mixed Platforms.Build.0 = Release|x86
		{AAF5E63A-7921-4856-A97D-BCB622BEF604}.Release|x86.ActiveCfg = Release|x86
		{AAF5E63A-7921-4856-A97D-BCB622BEF604}.Release|x86.Build.0 = Release|x86
		{AAF5E63A-7921-4856-A97D-BCB622BEF604}.SingleImage|Any CPU.ActiveCfg = Release|x86
		{AAF5E63A-7921-4856-A97D-BCB622BEF604}.SingleImage|Mixed Platforms.ActiveCfg = Release|x86
		{AAF5E63A-7921-4856-A97D-BCB622BEF604}.SingleImage|Mixed Platforms.Build.0 = Release|x86
		{AAF5E63A-7921-4856-A97D-BCB622BEF604}.SingleImage|x86.ActiveCfg = Release|x86
		{AAF5E63A-7921-4856-A97D-BCB622BEF604}.SingleImage|x86.Build.0 = Release|x86
		{FEBB7FA4-C7A0-41B0-BE9F-D7C9670D29DA}.CD_ROM|Any CPU.ActiveCfg = Release|x86
		{FEBB7FA4-C7A0-41B0-BE9F-D7C9670D29DA}.CD_ROM|Mixed Platforms.ActiveCfg = Release|x86
		{FEBB7FA4-C7A0-41B0-BE9F-D7C9670D29DA}.CD_ROM|Mixed Platforms.Build.0 = Release|x86
		{FEBB7FA4-C7A0-41B0-BE9F-D7C9670D29DA}.CD_ROM|x86.ActiveCfg = Release|x86
		{FEBB7FA4-C7A0-41B0-BE9F-D7C9670D29DA}.CD_ROM|x86.Build.0 = Release|x86
		{FEBB7FA4-C7A0-41B0-BE9F-D7C9670D29DA}.Debug|Any CPU.ActiveCfg = Debug|x86
		{FEBB7FA4-C7A0-41B0-BE9F-D7C9670D29DA}.Debug|Mixed Platforms.ActiveCfg = Debug|x86
		{FEBB7FA4-C7A0-41B0-BE9F-D7C9670D29DA}.Debug|Mixed Platforms.Build.0 = Debug|x86
		{FEBB7FA4-C7A0-41B0-BE9F-D7C9670D29DA}.Debug|x86.ActiveCfg = Debug|x86
		{FEBB7FA4-C7A0-41B0-BE9F-D7C9670D29DA}.Debug|x86.Build.0 = Debug|x86
		{FEBB7FA4-C7A0-41B0-BE9F-D7C9670D29DA}.DVD-5|Any CPU.ActiveCfg = Debug|x86
		{FEBB7FA4-C7A0-41B0-BE9F-D7C9670D29DA}.DVD-5|Mixed Platforms.ActiveCfg = Debug|x86
		{FEBB7FA4-C7A0-41B0-BE9F-D7C9670D29DA}.DVD-5|Mixed Platforms.Build.0 = Debug|x86
		{FEBB7FA4-C7A0-41B0-BE9F-D7C9670D29DA}.DVD-5|x86.ActiveCfg = Debug|x86
		{FEBB7FA4-C7A0-41B0-BE9F-D7C9670D29DA}.DVD-5|x86.Build.0 = Debug|x86
		{FEBB7FA4-C7A0-41B0-BE9F-D7C9670D29DA}.Release|Any CPU.ActiveCfg = Release|x86
		{FEBB7FA4-C7A0-41B0-BE9F-D7C9670D29DA}.Release|Mixed Platforms.ActiveCfg = Release|x86
		{FEBB7FA4-C7A0-41B0-BE9F-D7C9670D29DA}.Release|Mixed Platforms.Build.0 = Release|x86
		{FEBB7FA4-C7A0-41B0-BE9F-D7C9670D29DA}.Release|x86.ActiveCfg = Release|x86
		{FEBB7FA4-C7A0-41B0-BE9F-D7C9670D29DA}.Release|x86.Build.0 = Release|x86
		{FEBB7FA4-C7A0-41B0-BE9F-D7C9670D29DA}.SingleImage|Any CPU.ActiveCfg = Release|x86
		{FEBB7FA4-C7A0-41B0-BE9F-D7C9670D29DA}.SingleImage|Mixed Platforms.ActiveCfg = Release|x86
		{FEBB7FA4-C7A0-41B0-BE9F-D7C9670D29DA}.SingleImage|Mixed Platforms.Build.0 = Release|x86
		{FEBB7FA4-C7A0-41B0-BE9F-D7C9670D29DA}.SingleImage|x86.ActiveCfg = Release|x86
		{FEBB7FA4-C7A0-41B0-BE9F-D7C9670D29DA}.SingleImage|x86.Build.0 = Release|x86
		{0933DE87-46F5-411B-AD50-4754E9908072}.CD_ROM|Any CPU.ActiveCfg = Release
		{0933DE87-46F5-411B-AD50-4754E9908072}.CD_ROM|Any CPU.Build.0 = Release
		{0933DE87-46F5-411B-AD50-4754E9908072}.CD_ROM|Mixed Platforms.ActiveCfg = Release
		{0933DE87-46F5-411B-AD50-4754E9908072}.CD_ROM|Mixed Platforms.Build.0 = Release
		{0933DE87-46F5-411B-AD50-4754E9908072}.CD_ROM|x86.ActiveCfg = Release
		{0933DE87-46F5-411B-AD50-4754E9908072}.CD_ROM|x86.Build.0 = Release
		{0933DE87-46F5-411B-AD50-4754E9908072}.Debug|Any CPU.ActiveCfg = Release
		{0933DE87-46F5-411B-AD50-4754E9908072}.Debug|Any CPU.Build.0 = Release
		{0933DE87-46F5-411B-AD50-4754E9908072}.Debug|Mixed Platforms.ActiveCfg = Release
		{0933DE87-46F5-411B-AD50-4754E9908072}.Debug|Mixed Platforms.Build.0 = Release
		{0933DE87-46F5-411B-AD50-4754E9908072}.Debug|x86.ActiveCfg = Release
		{0933DE87-46F5-411B-AD50-4754E9908072}.Debug|x86.Build.0 = Release
		{0933DE87-46F5-411B-AD50-4754E9908072}.DVD-5|Any CPU.ActiveCfg = Release
		{0933DE87-46F5-411B-AD50-4754E9908072}.DVD-5|Any CPU.Build.0 = Release
		{0933DE87-46F5-411B-AD50-4754E9908072}.DVD-5|Mixed Platforms.ActiveCfg = Release
		{0933DE87-46F5-411B-AD50-4754E9908072}.DVD-5|Mixed Platforms.Build.0 = Release
		{0933DE87-46F5-411B-AD50-4754E9908072}.DVD-5|x86.ActiveCfg = Release
		{0933DE87-46F5-411B-AD50-4754E9908072}.DVD-5|x86.Build.0 = Release
		{0933DE87-46F5-411B-AD50-4754E9908072}.Release|Any CPU.ActiveCfg = Release
		{0933DE87-46F5-411B-AD50-4754E9908072}.Release|Any CPU.Build.0 = Release
		{0933DE87-46F5-411B-AD50-4754E9908072}.Release|Mixed Platforms.ActiveCfg = Release
		{0933DE87-46F5-411B-AD50-4754E9908072}.Release|Mixed Platforms.Build.0 = Release
		{0933DE87-46F5-411B-AD50-4754E9908072}.Release|x86.ActiveCfg = Release
		{0933DE87-46F5-411B-AD50-4754E9908072}.Release|x86.Build.0 = Release
		{0933DE87-46F5-411B-AD50-4754E9908072}.SingleImage|Any CPU.ActiveCfg = Release
		{0933DE87-46F5-411B-AD50-4754E9908072}.SingleImage|Any CPU.Build.0 = Release
		{0933DE87-46F5-411B-AD50-4754E9908072}.SingleImage|Mixed Platforms.ActiveCfg = Release
		{0933DE87-46F5-411B-AD50-4754E9908072}.SingleImage|Mixed Platforms.Build.0 = Release
		{0933DE87-46F5-411B-AD50-4754E9908072}.SingleImage|x86.ActiveCfg = Release
		{0933DE87-46F5-411B-AD50-4754E9908072}.SingleImage|x86.Build.0 = Release
		{16E8E074-8BB7-4C6C-A0A9-F57A951AAF0C}.CD_ROM|Any CPU.ActiveCfg = Release|x86
		{16E8E074-8BB7-4C6C-A0A9-F57A951AAF0C}.CD_ROM|Mixed Platforms.ActiveCfg = Release|x86
		{16E8E074-8BB7-4C6C-A0A9-F57A951AAF0C}.CD_ROM|Mixed Platforms.Build.0 = Release|x86
		{16E8E074-8BB7-4C6C-A0A9-F57A951AAF0C}.CD_ROM|x86.ActiveCfg = Release|x86
		{16E8E074-8BB7-4C6C-A0A9-F57A951AAF0C}.CD_ROM|x86.Build.0 = Release|x86
		{16E8E074-8BB7-4C6C-A0A9-F57A951AAF0C}.Debug|Any CPU.ActiveCfg = Debug|x86
		{16E8E074-8BB7-4C6C-A0A9-F57A951AAF0C}.Debug|Mixed Platforms.ActiveCfg = Debug|x86
		{16E8E074-8BB7-4C6C-A0A9-F57A951AAF0C}.Debug|Mixed Platforms.Build.0 = Debug|x86
		{16E8E074-8BB7-4C6C-A0A9-F57A951AAF0C}.Debug|x86.ActiveCfg = Debug|x86
		{16E8E074-8BB7-4C6C-A0A9-F57A951AAF0C}.Debug|x86.Build.0 = Debug|x86
		{16E8E074-8BB7-4C6C-A0A9-F57A951AAF0C}.DVD-5|Any CPU.ActiveCfg = Debug|x86
		{16E8E074-8BB7-4C6C-A0A9-F57A951AAF0C}.DVD-5|Mixed Platforms.ActiveCfg = Debug|x86
		{16E8E074-8BB7-4C6C-A0A9-F57A951AAF0C}.DVD-5|Mixed Platforms.Build.0 = Debug|x86
		{16E8E074-8BB7-4C6C-A0A9-F57A951AAF0C}.DVD-5|x86.ActiveCfg = Debug|x86
		{16E8E074-8BB7-4C6C-A0A9-F57A951AAF0C}.DVD-5|x86.Build.0 = Debug|x86
		{16E8E074-8BB7-4C6C-A0A9-F57A951AAF0C}.Release|Any CPU.ActiveCfg = Release|x86
		{16E8E074-8BB7-4C6C-A0A9-F57A951AAF0C}.Release|Mixed Platforms.ActiveCfg = Release|x86
		{16E8E074-8BB7-4C6C-A0A9-F57A951AAF0C}.Release|Mixed Platforms.Build.0 = Release|x86
		{16E8E074-8BB7-4C6C-A0A9-F57A951AAF0C}.Release|x86.ActiveCfg = Release|x86
		{16E8E074-8BB7-4C6C-A0A9-F57A951AAF0C}.Release|x86.Build.0 = Release|x86
		{16E8E074-8BB7-4C6C-A0A9-F57A951AAF0C}.SingleImage|Any CPU.ActiveCfg = Release|x86
		{16E8E074-8BB7-4C6C-A0A9-F57A951AAF0C}.SingleImage|Mixed Platforms.ActiveCfg = Release|x86
		{16E8E074-8BB7-4C6C-A0A9-F57A951AAF0C}.SingleImage|Mixed Platforms.Build.0 = Release|x86
		{16E8E074-8BB7-4C6C-A0A9-F57A951AAF0C}.SingleImage|x86.ActiveCfg = Release|x86
		{16E8E074-8BB7-4C6C-A0A9-F57A951AAF0C}.SingleImage|x86.Build.0 = Release|x86
		{75EB7EF1-C74D-4C4B-B34F-B998B0F2E04B}.CD_ROM|Any CPU.ActiveCfg = Release|x86
		{75EB7EF1-C74D-4C4B-B34F-B998B0F2E04B}.CD_ROM|Mixed Platforms.ActiveCfg = Release|x86
		{75EB7EF1-C74D-4C4B-B34F-B998B0F2E04B}.CD_ROM|Mixed Platforms.Build.0 = Release|x86
		{75EB7EF1-C74D-4C4B-B34F-B998B0F2E04B}.CD_ROM|x86.ActiveCfg = Release|x86
		{75EB7EF1-C74D-4C4B-B34F-B998B0F2E04B}.CD_ROM|x86.Build.0 = Release|x86
		{75EB7EF1-C74D-4C4B-B34F-B998B0F2E04B}.Debug|Any CPU.ActiveCfg = Debug|x86
		{75EB7EF1-C74D-4C4B-B34F-B998B0F2E04B}.Debug|Mixed Platforms.ActiveCfg = Debug|x86
		{75EB7EF1-C74D-4C4B-B34F-B998B0F2E04B}.Debug|Mixed Platforms.Build.0 = Debug|x86
		{75EB7EF1-C74D-4C4B-B34F-B998B0F2E04B}.Debug|x86.ActiveCfg = Debug|x86
		{75EB7EF1-C74D-4C4B-B34F-B998B0F2E04B}.Debug|x86.Build.0 = Debug|x86
		{75EB7EF1-C74D-4C4B-B34F-B998B0F2E04B}.DVD-5|Any CPU.ActiveCfg = Debug|x86
		{75EB7EF1-C74D-4C4B-B34F-B998B0F2E04B}.DVD-5|Mixed Platforms.ActiveCfg = Debug|x86
		{75EB7EF1-C74D-4C4B-B34F-B998B0F2E04B}.DVD-5|Mixed Platforms.Build.0 = Debug|x86
		{75EB7EF1-C74D-4C4B-B34F-B998B0F2E04B}.DVD-5|x86.ActiveCfg = Debug|x86
		{75EB7EF1-C74D-4C4B-B34F-B998B0F2E04B}.DVD-5|x86.Build.0 = Debug|x86
		{75EB7EF1-C74D-4C4B-B34F-B998B0F2E04B}.Release|Any CPU.ActiveCfg = Release|x86
		{75EB7EF1-C74D-4C4B-B34F-B998B0F2E04B}.Release|Mixed Platforms.ActiveCfg = Release|x86
		{75EB7EF1-C74D-4C4B-B34F-B998B0F2E04B}.Release|Mixed Platforms.Build.0 = Release|x86
		{75EB7EF1-C74D-4C4B-B34F-B998B0F2E04B}.Release|x86.ActiveCfg = Release|x86
		{75EB7EF1-C74D-4C4B-B34F-B998B0F2E04B}.Release|x86.Build.0 = Release|x86
		{75EB7EF1-C74D-4C4B-B34F-B998B0F2E04B}.SingleImage|Any CPU.ActiveCfg = Release|x86
		{75EB7EF1-C74D-4C4B-B34F-B998B0F2E04B}.SingleImage|Mixed Platforms.ActiveCfg = Release|x86
		{75EB7EF1-C74D-4C4B-B34F-B998B0F2E04B}.SingleImage|Mixed Platforms.Build.0 = Release|x86
		{75EB7EF1-C74D-4C4B-B34F-B998B0F2E04B}.SingleImage|x86.ActiveCfg = Release|x86
		{75EB7EF1-C74D-4C4B-B34F-B998B0F2E04B}.SingleImage|x86.Build.0 = Release|x86
	EndGlobalSection
	GlobalSection(SolutionProperties) = preSolution
		HideSolutionNode = FALSE
	EndGlobalSection
EndGlobal
